
Microsoft Visual Studio Solution File, Format Version 12.00
# Visual Studio Version 17
VisualStudioVersion = 17.10.34928.147
MinimumVisualStudioVersion = 10.0.40219.1
Project("{FAE04EC0-301F-11D3-BF4B-00C04F79EFBC}") = "ExempleWhere", "ExempleWhere\ExempleWhere.csproj", "{045C7887-AF00-48D3-A073-196970829BCC}"
EndProject
Global
	GlobalSection(SolutionConfigurationPlatforms) = preSolution
		Debug|Any CPU = Debug|Any CPU
		Release|Any CPU = Release|Any CPU
	EndGlobalSection
	GlobalSection(ProjectConfigurationPlatforms) = postSolution
		{045C7887-AF00-48D3-A073-196970829BCC}.Debug|Any CPU.ActiveCfg = Debug|Any CPU
		{045C7887-AF00-48D3-A073-196970829BCC}.Debug|Any CPU.Build.0 = Debug|Any CPU
		{045C7887-AF00-48D3-A073-196970829BCC}.Release|Any CPU.ActiveCfg = Release|Any CPU
		{045C7887-AF00-48D3-A073-196970829BCC}.Release|Any CPU.Build.0 = Release|Any CPU
	EndGlobalSection
	GlobalSection(SolutionProperties) = preSolution
		HideSolutionNode = FALSE
	EndGlobalSection
	GlobalSection(ExtensibilityGlobals) = postSolution
		SolutionGuid = {F66754D5-4736-49C3-863E-E900D6686430}
	EndGlobalSection
EndGlobal
